<?xml version="1.0" encoding="utf-8"?>
<Project ToolsVersion="4.0" xmlns="http://schemas.microsoft.com/developer/msbuild/2003">
  <ItemGroup>

    <ClCompile Include="fps.cpp" />
    <ClCompile Include="HammerAnimation.cpp" />

    <ClCompile Include="Main.cpp" />
    <ClCompile Include="PadInput.cpp" />
    <ClCompile Include="SceneManager.cpp" />
    <ClCompile Include="Timing.cpp" />
    <ClCompile Include="UI.cpp" />
    <ClCompile Include="Ranking.cpp" />
    <ClCompile Include="Retult.cpp" />

    <ClCompile Include="GameMain.cpp" />
    <ClCompile Include="Title.cpp" />
    <ClCompile Include="nailcpp.cpp" />
    <ClCompile Include="GameEnd.cpp" />
  </ItemGroup>
  <ItemGroup>
    <ClInclude Include="AbstractScene.h" />
    <ClInclude Include="fps.h" />
    <ClInclude Include="HammerAnimation.h" />

    <ClCompile Include="InputRankingScene.cpp" />
    <ClCompile Include="DrawRankingScene.cpp" />
  </ItemGroup>
  <ItemGroup>
    <ClInclude Include="AbstractScene.h" />

    <ClInclude Include="PadInput.h" />
    <ClInclude Include="SceneManager.h" />
    <ClInclude Include="Timing.h" />
    <ClInclude Include="UI.h" />
    <ClInclude Include="Ranking.h" />
    <ClInclude Include="Result.h" />

    <ClInclude Include="GameMain.h" />
    <ClInclude Include="Title.h" />
    <ClCompile Include="UI.cpp">
      <Filter>ソース ファイル</Filter>
    </ClCompile>
    <ClCompile Include="Title.cpp">
      <Filter>ソース ファイル</Filter>
    </ClCompile>
    <ClCompile Include="Main.cpp">
      <Filter>ソース ファイル</Filter>
    </ClCompile>
    <ClCompile Include="SceneManager.cpp">
      <Filter>ソース ファイル</Filter>
    </ClCompile>
    <ClCompile Include="PadInput.cpp">
      <Filter>ソース ファイル</Filter>
    </ClCompile>
    <ClInclude Include="GameEnd.h" />
    <ClInclude Include="nail.h" />
  </ItemGroup>
  <ItemGroup>
    <ClInclude Include="UI.h">
      <Filter>ヘッダー ファイル</Filter>
    </ClInclude>
    <ClCompile Include="Ranking.cpp">
      <Filter>ソース ファイル</Filter>
    </ClCompile>
    <ClCompile Include="Retult.cpp">
      <Filter>ソース ファイル</Filter>
    </ClCompile>
    <ClInclude Include="PadInput.h">
      <Filter>ヘッダー ファイル</Filter>
    </ClInclude>
    <ClInclude Include="Title.h">
      <Filter>ヘッダー ファイル</Filter>
    </ClInclude>
    <ClInclude Include="SceneManager.h">
      <Filter>ヘッダー ファイル</Filter>
    </ClInclude>
  </ItemGroup>
  <ItemGroup>
    <ClInclude Include="Ranking.h">
      <Filter>ヘッダー ファイル</Filter>
    </ClInclude>
    <ClInclude Include="Result.h">
      <Filter>ヘッダー ファイル</Filter>
    </ClInclude>

    <ClInclude Include="InputRankingScene.h" />
    <ClInclude Include="DrawRankingScene.h" />

  </ItemGroup>
</Project>