<?xml version="1.0" encoding="utf-8"?>
<Project ToolsVersion="4.0" xmlns="http://schemas.microsoft.com/developer/msbuild/2003">
  <ItemGroup>
    <ClCompile Include="Keyboard.cpp" />
    <ClCompile Include="fps.cpp" />
    <ClCompile Include="GameMain.cpp" />
    <ClCompile Include="HammerAnimation.cpp" />
    <ClCompile Include="GameEnd.cpp" />
    <ClCompile Include="Main.cpp" />
    <ClCompile Include="PadInput.cpp" />
    <ClCompile Include="SceneManager.cpp" />
    <ClCompile Include="Timing.cpp" />
    <ClCompile Include="Title.cpp" />
    <ClCompile Include="UI.cpp" />
    <ClCompile Include="Ranking.cpp" />
    <ClCompile Include="Result.cpp" />
    <ClCompile Include="nailcpp.cpp" />
  </ItemGroup>
  <ItemGroup>
    <ClInclude Include="Keyboard.h" />
    <ClInclude Include="AbstractScene.h" />
    <ClInclude Include="fps.h" />
    <ClInclude Include="GameMain.h" />
    <ClInclude Include="HammerAnimation.h" />
    <ClInclude Include="GameEnd.h" />
    <ClInclude Include="PadInput.h" />
    <ClInclude Include="SceneManager.h" />
    <ClInclude Include="Timing.h" />
    <ClInclude Include="Title.h" />
    <ClInclude Include="UI.h" />
    <ClInclude Include="Ranking.h" />
    <ClInclude Include="Result.h" />
    <ClInclude Include="nail.h" />
  </ItemGroup>
</Project>